
Microsoft Visual Studio Solution File, Format Version 12.00
# Visual Studio 15
VisualStudioVersion = 15.0.28307.852
MinimumVisualStudioVersion = 10.0.40219.1
Project("{2150E333-8FDC-42A3-9474-1A3956D46DE8}") = "src", "src", "{B10F9C78-C2CD-4EC4-AE77-64A0344FD44E}"
EndProject
Project("{2150E333-8FDC-42A3-9474-1A3956D46DE8}") = "test", "test", "{A7175E92-18F1-4AC8-8E08-7BD924FD5B06}"
EndProject
Project("{9A19103F-16F7-4668-BE54-9A1E7A4F7556}") = "FH.Cache.Core", "src\FH.Cache.Core\FH.Cache.Core.csproj", "{99B275E5-F17F-48A7-A28F-787142772BB5}"
EndProject
Project("{9A19103F-16F7-4668-BE54-9A1E7A4F7556}") = "FH.Cache.Redis", "src\FH.Cache.Redis\FH.Cache.Redis.csproj", "{8B956568-12DA-4BEC-8847-7BA174A923E7}"
EndProject
Project("{9A19103F-16F7-4668-BE54-9A1E7A4F7556}") = "FH.Cache.Serialization.MessagePack", "src\FH.Cache.Serialization.MessagePack\FH.Cache.Serialization.MessagePack.csproj", "{0329C665-1E07-416C-9097-223DD6F241E0}"
EndProject
Project("{9A19103F-16F7-4668-BE54-9A1E7A4F7556}") = "FH.Cache.Serialization.Json", "src\FH.Cache.Serialization.Json\FH.Cache.Serialization.Json.csproj", "{C69C4FA2-2FEE-450F-9F72-EA747CD26C1C}"
EndProject
Project("{9A19103F-16F7-4668-BE54-9A1E7A4F7556}") = "FH.Cache.Serialization.Protobuf", "src\FH.Cache.Serialization.Protobuf\FH.Cache.Serialization.Protobuf.csproj", "{8BF0C1E1-5D36-4FAE-8728-5FB1E53268CB}"
EndProject
Project("{2150E333-8FDC-42A3-9474-1A3956D46DE8}") = "sample", "sample", "{9A712A6F-A04F-44F6-AD04-6B5E77817EED}"
EndProject
Project("{9A19103F-16F7-4668-BE54-9A1E7A4F7556}") = "FH.WebApp", "sample\FH.WebApp\FH.WebApp.csproj", "{4F863ED1-9D71-4727-9039-EA2789C08639}"
EndProject
Project("{9A19103F-16F7-4668-BE54-9A1E7A4F7556}") = "FH.CacheTest", "test\FH.CacheTest\FH.CacheTest.csproj", "{65C05C69-819A-4284-A37D-DDD467E27663}"
EndProject
Project("{2150E333-8FDC-42A3-9474-1A3956D46DE8}") = "doc", "doc", "{8F9A01EE-DF2B-4130-A1CB-5D98AF856F29}"
	ProjectSection(SolutionItems) = preProject
		LICENSE.js = LICENSE.js
		logo.png = logo.png
		README.md = README.md
	EndProjectSection
EndProject
Global
	GlobalSection(SolutionConfigurationPlatforms) = preSolution
		Debug|Any CPU = Debug|Any CPU
		Release|Any CPU = Release|Any CPU
	EndGlobalSection
	GlobalSection(ProjectConfigurationPlatforms) = postSolution
		{99B275E5-F17F-48A7-A28F-787142772BB5}.Debug|Any CPU.ActiveCfg = Debug|Any CPU
		{99B275E5-F17F-48A7-A28F-787142772BB5}.Debug|Any CPU.Build.0 = Debug|Any CPU
		{99B275E5-F17F-48A7-A28F-787142772BB5}.Release|Any CPU.ActiveCfg = Release|Any CPU
		{99B275E5-F17F-48A7-A28F-787142772BB5}.Release|Any CPU.Build.0 = Release|Any CPU
		{8B956568-12DA-4BEC-8847-7BA174A923E7}.Debug|Any CPU.ActiveCfg = Debug|Any CPU
		{8B956568-12DA-4BEC-8847-7BA174A923E7}.Debug|Any CPU.Build.0 = Debug|Any CPU
		{8B956568-12DA-4BEC-8847-7BA174A923E7}.Release|Any CPU.ActiveCfg = Release|Any CPU
		{8B956568-12DA-4BEC-8847-7BA174A923E7}.Release|Any CPU.Build.0 = Release|Any CPU
		{0329C665-1E07-416C-9097-223DD6F241E0}.Debug|Any CPU.ActiveCfg = Debug|Any CPU
		{0329C665-1E07-416C-9097-223DD6F241E0}.Debug|Any CPU.Build.0 = Debug|Any CPU
		{0329C665-1E07-416C-9097-223DD6F241E0}.Release|Any CPU.ActiveCfg = Release|Any CPU
		{0329C665-1E07-416C-9097-223DD6F241E0}.Release|Any CPU.Build.0 = Release|Any CPU
		{C69C4FA2-2FEE-450F-9F72-EA747CD26C1C}.Debug|Any CPU.ActiveCfg = Debug|Any CPU
		{C69C4FA2-2FEE-450F-9F72-EA747CD26C1C}.Debug|Any CPU.Build.0 = Debug|Any CPU
		{C69C4FA2-2FEE-450F-9F72-EA747CD26C1C}.Release|Any CPU.ActiveCfg = Release|Any CPU
		{C69C4FA2-2FEE-450F-9F72-EA747CD26C1C}.Release|Any CPU.Build.0 = Release|Any CPU
		{8BF0C1E1-5D36-4FAE-8728-5FB1E53268CB}.Debug|Any CPU.ActiveCfg = Debug|Any CPU
		{8BF0C1E1-5D36-4FAE-8728-5FB1E53268CB}.Debug|Any CPU.Build.0 = Debug|Any CPU
		{8BF0C1E1-5D36-4FAE-8728-5FB1E53268CB}.Release|Any CPU.ActiveCfg = Release|Any CPU
		{8BF0C1E1-5D36-4FAE-8728-5FB1E53268CB}.Release|Any CPU.Build.0 = Release|Any CPU
		{4F863ED1-9D71-4727-9039-EA2789C08639}.Debug|Any CPU.ActiveCfg = Debug|Any CPU
		{4F863ED1-9D71-4727-9039-EA2789C08639}.Debug|Any CPU.Build.0 = Debug|Any CPU
		{4F863ED1-9D71-4727-9039-EA2789C08639}.Release|Any CPU.ActiveCfg = Release|Any CPU
		{4F863ED1-9D71-4727-9039-EA2789C08639}.Release|Any CPU.Build.0 = Release|Any CPU
		{65C05C69-819A-4284-A37D-DDD467E27663}.Debug|Any CPU.ActiveCfg = Debug|Any CPU
		{65C05C69-819A-4284-A37D-DDD467E27663}.Debug|Any CPU.Build.0 = Debug|Any CPU
		{65C05C69-819A-4284-A37D-DDD467E27663}.Release|Any CPU.ActiveCfg = Release|Any CPU
		{65C05C69-819A-4284-A37D-DDD467E27663}.Release|Any CPU.Build.0 = Release|Any CPU
	EndGlobalSection
	GlobalSection(SolutionProperties) = preSolution
		HideSolutionNode = FALSE
	EndGlobalSection
	GlobalSection(NestedProjects) = preSolution
		{99B275E5-F17F-48A7-A28F-787142772BB5} = {B10F9C78-C2CD-4EC4-AE77-64A0344FD44E}
		{8B956568-12DA-4BEC-8847-7BA174A923E7} = {B10F9C78-C2CD-4EC4-AE77-64A0344FD44E}
		{0329C665-1E07-416C-9097-223DD6F241E0} = {B10F9C78-C2CD-4EC4-AE77-64A0344FD44E}
		{C69C4FA2-2FEE-450F-9F72-EA747CD26C1C} = {B10F9C78-C2CD-4EC4-AE77-64A0344FD44E}
		{8BF0C1E1-5D36-4FAE-8728-5FB1E53268CB} = {B10F9C78-C2CD-4EC4-AE77-64A0344FD44E}
		{4F863ED1-9D71-4727-9039-EA2789C08639} = {9A712A6F-A04F-44F6-AD04-6B5E77817EED}
		{65C05C69-819A-4284-A37D-DDD467E27663} = {A7175E92-18F1-4AC8-8E08-7BD924FD5B06}
	EndGlobalSection
	GlobalSection(ExtensibilityGlobals) = postSolution
		SolutionGuid = {CCDC31A5-7221-4045-986B-E6B4F1F42396}
	EndGlobalSection
EndGlobal
